
Microsoft Visual Studio Solution File, Format Version 12.00
# Visual Studio Version 16
VisualStudioVersion = 16.0.31025.194
MinimumVisualStudioVersion = 10.0.40219.1
Project("{FAE04EC0-301F-11D3-BF4B-00C04F79EFBC}") = "SampleTry", "SampleTry.csproj", "{A397DA15-F334-4150-895C-282E96ED7324}"
EndProject
Global
	GlobalSection(SolutionConfigurationPlatforms) = preSolution
		Debug|Any CPU = Debug|Any CPU
		Release|Any CPU = Release|Any CPU
	EndGlobalSection
	GlobalSection(ProjectConfigurationPlatforms) = postSolution
		{A397DA15-F334-4150-895C-282E96ED7324}.Debug|Any CPU.ActiveCfg = Debug|Any CPU
		{A397DA15-F334-4150-895C-282E96ED7324}.Debug|Any CPU.Build.0 = Debug|Any CPU
		{A397DA15-F334-4150-895C-282E96ED7324}.Release|Any CPU.ActiveCfg = Release|Any CPU
		{A397DA15-F334-4150-895C-282E96ED7324}.Release|Any CPU.Build.0 = Release|Any CPU
	EndGlobalSection
	GlobalSection(SolutionProperties) = preSolution
		HideSolutionNode = FALSE
	EndGlobalSection
	GlobalSection(ExtensibilityGlobals) = postSolution
		SolutionGuid = {3415892C-D4C6-49DE-8B6C-4D659E645FB4}
	EndGlobalSection
EndGlobal
